// !$*UTF8*$!
{
	archiveVersion = 1;
	classes = {
	};
	objectVersion = 50;
	objects = {

/* Begin PBXBuildFile section */
		9813BD80258A3DE9004F7AF5 /* URL+Extensions.swift in Sources */ = {isa = PBXBuildFile; fileRef = 9813BD7F258A3DE9004F7AF5 /* URL+Extensions.swift */; };
		9813BD85258A3EED004F7AF5 /* CategoryModel.swift in Sources */ = {isa = PBXBuildFile; fileRef = 9813BD84258A3EED004F7AF5 /* CategoryModel.swift */; };
		9813BD8A258A3F61004F7AF5 /* HTTPClient.swift in Sources */ = {isa = PBXBuildFile; fileRef = 9813BD89258A3F61004F7AF5 /* HTTPClient.swift */; };
		98491A5B2589690B00E058DE /* app_unimarc_iosApp.swift in Sources */ = {isa = PBXBuildFile; fileRef = 98491A5A2589690B00E058DE /* app_unimarc_iosApp.swift */; };
		98491A5D2589690B00E058DE /* ContentView.swift in Sources */ = {isa = PBXBuildFile; fileRef = 98491A5C2589690B00E058DE /* ContentView.swift */; };
		98491A5F2589690C00E058DE /* Assets.xcassets in Resources */ = {isa = PBXBuildFile; fileRef = 98491A5E2589690C00E058DE /* Assets.xcassets */; };
		98491A622589690C00E058DE /* Preview Assets.xcassets in Resources */ = {isa = PBXBuildFile; fileRef = 98491A612589690C00E058DE /* Preview Assets.xcassets */; };
		9853BA65258ABD380082FD8B /* CategoryListViewModel.swift in Sources */ = {isa = PBXBuildFile; fileRef = 9853BA64258ABD380082FD8B /* CategoryListViewModel.swift */; };
		9853BA69258AC09A0082FD8B /* View+Extensions.swift in Sources */ = {isa = PBXBuildFile; fileRef = 9853BA68258AC09A0082FD8B /* View+Extensions.swift */; };
		9853BA6D258AC1220082FD8B /* CategoryListView.swift in Sources */ = {isa = PBXBuildFile; fileRef = 9853BA6C258AC1220082FD8B /* CategoryListView.swift */; };
		9853BA72258AC4730082FD8B /* CategoryListScreen.swift in Sources */ = {isa = PBXBuildFile; fileRef = 9853BA71258AC4730082FD8B /* CategoryListScreen.swift */; };
		9853BA75258AC53A0082FD8B /* SecondCategoryScreen.swift in Sources */ = {isa = PBXBuildFile; fileRef = 9853BA74258AC53A0082FD8B /* SecondCategoryScreen.swift */; };
/* End PBXBuildFile section */

/* Begin PBXFileReference section */
		9813BD7F258A3DE9004F7AF5 /* URL+Extensions.swift */ = {isa = PBXFileReference; lastKnownFileType = sourcecode.swift; path = "URL+Extensions.swift"; sourceTree = "<group>"; };
		9813BD84258A3EED004F7AF5 /* CategoryModel.swift */ = {isa = PBXFileReference; lastKnownFileType = sourcecode.swift; path = CategoryModel.swift; sourceTree = "<group>"; };
		9813BD89258A3F61004F7AF5 /* HTTPClient.swift */ = {isa = PBXFileReference; lastKnownFileType = sourcecode.swift; path = HTTPClient.swift; sourceTree = "<group>"; };
		98491A572589690B00E058DE /* app-unimarc-ios.app */ = {isa = PBXFileReference; explicitFileType = wrapper.application; includeInIndex = 0; path = "app-unimarc-ios.app"; sourceTree = BUILT_PRODUCTS_DIR; };
		98491A5A2589690B00E058DE /* app_unimarc_iosApp.swift */ = {isa = PBXFileReference; lastKnownFileType = sourcecode.swift; path = app_unimarc_iosApp.swift; sourceTree = "<group>"; };
		98491A5C2589690B00E058DE /* ContentView.swift */ = {isa = PBXFileReference; lastKnownFileType = sourcecode.swift; path = ContentView.swift; sourceTree = "<group>"; };
		98491A5E2589690C00E058DE /* Assets.xcassets */ = {isa = PBXFileReference; lastKnownFileType = folder.assetcatalog; path = Assets.xcassets; sourceTree = "<group>"; };
		98491A612589690C00E058DE /* Preview Assets.xcassets */ = {isa = PBXFileReference; lastKnownFileType = folder.assetcatalog; path = "Preview Assets.xcassets"; sourceTree = "<group>"; };
		98491A632589690C00E058DE /* Info.plist */ = {isa = PBXFileReference; lastKnownFileType = text.plist.xml; path = Info.plist; sourceTree = "<group>"; };
		9853BA64258ABD380082FD8B /* CategoryListViewModel.swift */ = {isa = PBXFileReference; lastKnownFileType = sourcecode.swift; path = CategoryListViewModel.swift; sourceTree = "<group>"; };
		9853BA68258AC09A0082FD8B /* View+Extensions.swift */ = {isa = PBXFileReference; lastKnownFileType = sourcecode.swift; path = "View+Extensions.swift"; sourceTree = "<group>"; };
		9853BA6C258AC1220082FD8B /* CategoryListView.swift */ = {isa = PBXFileReference; lastKnownFileType = sourcecode.swift; path = CategoryListView.swift; sourceTree = "<group>"; };
		9853BA71258AC4730082FD8B /* CategoryListScreen.swift */ = {isa = PBXFileReference; lastKnownFileType = sourcecode.swift; path = CategoryListScreen.swift; sourceTree = "<group>"; };
		9853BA74258AC53A0082FD8B /* SecondCategoryScreen.swift */ = {isa = PBXFileReference; lastKnownFileType = sourcecode.swift; path = SecondCategoryScreen.swift; sourceTree = "<group>"; };
/* End PBXFileReference section */

/* Begin PBXFrameworksBuildPhase section */
		98491A542589690B00E058DE /* Frameworks */ = {
			isa = PBXFrameworksBuildPhase;
			buildActionMask = 2147483647;
			files = (
			);
			runOnlyForDeploymentPostprocessing = 0;
		};
/* End PBXFrameworksBuildPhase section */

/* Begin PBXGroup section */
		9813BD7E258A3DC2004F7AF5 /* Extensions */ = {
			isa = PBXGroup;
			children = (
				9813BD7F258A3DE9004F7AF5 /* URL+Extensions.swift */,
				9853BA68258AC09A0082FD8B /* View+Extensions.swift */,
			);
			path = Extensions;
			sourceTree = "<group>";
		};
		9813BD83258A3EC0004F7AF5 /* Models */ = {
			isa = PBXGroup;
			children = (
				9813BD84258A3EED004F7AF5 /* CategoryModel.swift */,
			);
			path = Models;
			sourceTree = "<group>";
		};
		9813BD88258A3F1D004F7AF5 /* Services */ = {
			isa = PBXGroup;
			children = (
				9813BD89258A3F61004F7AF5 /* HTTPClient.swift */,
			);
			path = Services;
			sourceTree = "<group>";
		};
		98491A4E2589690B00E058DE = {
			isa = PBXGroup;
			children = (
				98491A592589690B00E058DE /* app-unimarc-ios */,
				98491A582589690B00E058DE /* Products */,
			);
			sourceTree = "<group>";
		};
		98491A582589690B00E058DE /* Products */ = {
			isa = PBXGroup;
			children = (
				98491A572589690B00E058DE /* app-unimarc-ios.app */,
			);
			name = Products;
			sourceTree = "<group>";
		};
		98491A592589690B00E058DE /* app-unimarc-ios */ = {
			isa = PBXGroup;
			children = (
				9853BA70258AC3F00082FD8B /* Screens */,
				9853BA6B258AC0DF0082FD8B /* Views */,
				9853BA63258ABC8A0082FD8B /* View Models */,
				9813BD88258A3F1D004F7AF5 /* Services */,
				9813BD83258A3EC0004F7AF5 /* Models */,
				9813BD7E258A3DC2004F7AF5 /* Extensions */,
				98491A5A2589690B00E058DE /* app_unimarc_iosApp.swift */,
				98491A5C2589690B00E058DE /* ContentView.swift */,
				98491A5E2589690C00E058DE /* Assets.xcassets */,
				98491A632589690C00E058DE /* Info.plist */,
				98491A602589690C00E058DE /* Preview Content */,
			);
			path = "app-unimarc-ios";
			sourceTree = "<group>";
		};
		98491A602589690C00E058DE /* Preview Content */ = {
			isa = PBXGroup;
			children = (
				98491A612589690C00E058DE /* Preview Assets.xcassets */,
			);
			path = "Preview Content";
			sourceTree = "<group>";
		};
		9853BA63258ABC8A0082FD8B /* View Models */ = {
			isa = PBXGroup;
			children = (
				9853BA64258ABD380082FD8B /* CategoryListViewModel.swift */,
			);
			path = "View Models";
			sourceTree = "<group>";
		};
		9853BA6B258AC0DF0082FD8B /* Views */ = {
			isa = PBXGroup;
			children = (
				9853BA6C258AC1220082FD8B /* CategoryListView.swift */,
			);
			path = Views;
			sourceTree = "<group>";
		};
		9853BA70258AC3F00082FD8B /* Screens */ = {
			isa = PBXGroup;
			children = (
				9853BA71258AC4730082FD8B /* CategoryListScreen.swift */,
				9853BA74258AC53A0082FD8B /* SecondCategoryScreen.swift */,
			);
			path = Screens;
			sourceTree = "<group>";
		};
/* End PBXGroup section */

/* Begin PBXNativeTarget section */
		98491A562589690B00E058DE /* app-unimarc-ios */ = {
			isa = PBXNativeTarget;
			buildConfigurationList = 98491A662589690C00E058DE /* Build configuration list for PBXNativeTarget "app-unimarc-ios" */;
			buildPhases = (
				98491A532589690B00E058DE /* Sources */,
				98491A542589690B00E058DE /* Frameworks */,
				98491A552589690B00E058DE /* Resources */,
			);
			buildRules = (
			);
			dependencies = (
			);
			name = "app-unimarc-ios";
			productName = "app-unimarc-ios";
			productReference = 98491A572589690B00E058DE /* app-unimarc-ios.app */;
			productType = "com.apple.product-type.application";
		};
/* End PBXNativeTarget section */

/* Begin PBXProject section */
		98491A4F2589690B00E058DE /* Project object */ = {
			isa = PBXProject;
			attributes = {
				LastSwiftUpdateCheck = 1200;
				LastUpgradeCheck = 1200;
				TargetAttributes = {
					98491A562589690B00E058DE = {
						CreatedOnToolsVersion = 12.0.1;
					};
				};
			};
			buildConfigurationList = 98491A522589690B00E058DE /* Build configuration list for PBXProject "app-unimarc-ios" */;
			compatibilityVersion = "Xcode 9.3";
			developmentRegion = en;
			hasScannedForEncodings = 0;
			knownRegions = (
				en,
				Base,
			);
			mainGroup = 98491A4E2589690B00E058DE;
			productRefGroup = 98491A582589690B00E058DE /* Products */;
			projectDirPath = "";
			projectRoot = "";
			targets = (
				98491A562589690B00E058DE /* app-unimarc-ios */,
			);
		};
/* End PBXProject section */

/* Begin PBXResourcesBuildPhase section */
		98491A552589690B00E058DE /* Resources */ = {
			isa = PBXResourcesBuildPhase;
			buildActionMask = 2147483647;
			files = (
				98491A622589690C00E058DE /* Preview Assets.xcassets in Resources */,
				98491A5F2589690C00E058DE /* Assets.xcassets in Resources */,
			);
			runOnlyForDeploymentPostprocessing = 0;
		};
/* End PBXResourcesBuildPhase section */

/* Begin PBXSourcesBuildPhase section */
		98491A532589690B00E058DE /* Sources */ = {
			isa = PBXSourcesBuildPhase;
			buildActionMask = 2147483647;
			files = (
				98491A5D2589690B00E058DE /* ContentView.swift in Sources */,
				9813BD8A258A3F61004F7AF5 /* HTTPClient.swift in Sources */,
				9853BA65258ABD380082FD8B /* CategoryListViewModel.swift in Sources */,
				9853BA72258AC4730082FD8B /* CategoryListScreen.swift in Sources */,
				9853BA69258AC09A0082FD8B /* View+Extensions.swift in Sources */,
				9813BD85258A3EED004F7AF5 /* CategoryModel.swift in Sources */,
				9813BD80258A3DE9004F7AF5 /* URL+Extensions.swift in Sources */,
				9853BA75258AC53A0082FD8B /* SecondCategoryScreen.swift in Sources */,
				9853BA6D258AC1220082FD8B /* CategoryListView.swift in Sources */,
				98491A5B2589690B00E058DE /* app_unimarc_iosApp.swift in Sources */,
			);
			runOnlyForDeploymentPostprocessing = 0;
		};
/* End PBXSourcesBuildPhase section */

/* Begin XCBuildConfiguration section */
		98491A642589690C00E058DE /* Debug */ = {
			isa = XCBuildConfiguration;
			buildSettings = {
				ALWAYS_SEARCH_USER_PATHS = NO;
				CLANG_ANALYZER_NONNULL = YES;
				CLANG_ANALYZER_NUMBER_OBJECT_CONVERSION = YES_AGGRESSIVE;
				CLANG_CXX_LANGUAGE_STANDARD = "gnu++14";
				CLANG_CXX_LIBRARY = "libc++";
				CLANG_ENABLE_MODULES = YES;
				CLANG_ENABLE_OBJC_ARC = YES;
				CLANG_ENABLE_OBJC_WEAK = YES;
				CLANG_WARN_BLOCK_CAPTURE_AUTORELEASING = YES;
				CLANG_WARN_BOOL_CONVERSION = YES;
				CLANG_WARN_COMMA = YES;
				CLANG_WARN_CONSTANT_CONVERSION = YES;
				CLANG_WARN_DEPRECATED_OBJC_IMPLEMENTATIONS = YES;
				CLANG_WARN_DIRECT_OBJC_ISA_USAGE = YES_ERROR;
				CLANG_WARN_DOCUMENTATION_COMMENTS = YES;
				CLANG_WARN_EMPTY_BODY = YES;
				CLANG_WARN_ENUM_CONVERSION = YES;
				CLANG_WARN_INFINITE_RECURSION = YES;
				CLANG_WARN_INT_CONVERSION = YES;
				CLANG_WARN_NON_LITERAL_NULL_CONVERSION = YES;
				CLANG_WARN_OBJC_IMPLICIT_RETAIN_SELF = YES;
				CLANG_WARN_OBJC_LITERAL_CONVERSION = YES;
				CLANG_WARN_OBJC_ROOT_CLASS = YES_ERROR;
				CLANG_WARN_QUOTED_INCLUDE_IN_FRAMEWORK_HEADER = YES;
				CLANG_WARN_RANGE_LOOP_ANALYSIS = YES;
				CLANG_WARN_STRICT_PROTOTYPES = YES;
				CLANG_WARN_SUSPICIOUS_MOVE = YES;
				CLANG_WARN_UNGUARDED_AVAILABILITY = YES_AGGRESSIVE;
				CLANG_WARN_UNREACHABLE_CODE = YES;
				CLANG_WARN__DUPLICATE_METHOD_MATCH = YES;
				COPY_PHASE_STRIP = NO;
				DEBUG_INFORMATION_FORMAT = dwarf;
				ENABLE_STRICT_OBJC_MSGSEND = YES;
				ENABLE_TESTABILITY = YES;
				GCC_C_LANGUAGE_STANDARD = gnu11;
				GCC_DYNAMIC_NO_PIC = NO;
				GCC_NO_COMMON_BLOCKS = YES;
				GCC_OPTIMIZATION_LEVEL = 0;
				GCC_PREPROCESSOR_DEFINITIONS = (
					"DEBUG=1",
					"$(inherited)",
				);
				GCC_WARN_64_TO_32_BIT_CONVERSION = YES;
				GCC_WARN_ABOUT_RETURN_TYPE = YES_ERROR;
				GCC_WARN_UNDECLARED_SELECTOR = YES;
				GCC_WARN_UNINITIALIZED_AUTOS = YES_AGGRESSIVE;
				GCC_WARN_UNUSED_FUNCTION = YES;
				GCC_WARN_UNUSED_VARIABLE = YES;
				IPHONEOS_DEPLOYMENT_TARGET = 14.0;
				MTL_ENABLE_DEBUG_INFO = INCLUDE_SOURCE;
				MTL_FAST_MATH = YES;
				ONLY_ACTIVE_ARCH = YES;
				SDKROOT = iphoneos;
				SWIFT_ACTIVE_COMPILATION_CONDITIONS = DEBUG;
				SWIFT_OPTIMIZATION_LEVEL = "-Onone";
			};
			name = Debug;
		};
		98491A652589690C00E058DE /* Release */ = {
			isa = XCBuildConfiguration;
			buildSettings = {
				ALWAYS_SEARCH_USER_PATHS = NO;
				CLANG_ANALYZER_NONNULL = YES;
				CLANG_ANALYZER_NUMBER_OBJECT_CONVERSION = YES_AGGRESSIVE;
				CLANG_CXX_LANGUAGE_STANDARD = "gnu++14";
				CLANG_CXX_LIBRARY = "libc++";
				CLANG_ENABLE_MODULES = YES;
				CLANG_ENABLE_OBJC_ARC = YES;
				CLANG_ENABLE_OBJC_WEAK = YES;
				CLANG_WARN_BLOCK_CAPTURE_AUTORELEASING = YES;
				CLANG_WARN_BOOL_CONVERSION = YES;
				CLANG_WARN_COMMA = YES;
				CLANG_WARN_CONSTANT_CONVERSION = YES;
				CLANG_WARN_DEPRECATED_OBJC_IMPLEMENTATIONS = YES;
				CLANG_WARN_DIRECT_OBJC_ISA_USAGE = YES_ERROR;
				CLANG_WARN_DOCUMENTATION_COMMENTS = YES;
				CLANG_WARN_EMPTY_BODY = YES;
				CLANG_WARN_ENUM_CONVERSION = YES;
				CLANG_WARN_INFINITE_RECURSION = YES;
				CLANG_WARN_INT_CONVERSION = YES;
				CLANG_WARN_NON_LITERAL_NULL_CONVERSION = YES;
				CLANG_WARN_OBJC_IMPLICIT_RETAIN_SELF = YES;
				CLANG_WARN_OBJC_LITERAL_CONVERSION = YES;
				CLANG_WARN_OBJC_ROOT_CLASS = YES_ERROR;
				CLANG_WARN_QUOTED_INCLUDE_IN_FRAMEWORK_HEADER = YES;
				CLANG_WARN_RANGE_LOOP_ANALYSIS = YES;
				CLANG_WARN_STRICT_PROTOTYPES = YES;
				CLANG_WARN_SUSPICIOUS_MOVE = YES;
				CLANG_WARN_UNGUARDED_AVAILABILITY = YES_AGGRESSIVE;
				CLANG_WARN_UNREACHABLE_CODE = YES;
				CLANG_WARN__DUPLICATE_METHOD_MATCH = YES;
				COPY_PHASE_STRIP = NO;
				DEBUG_INFORMATION_FORMAT = "dwarf-with-dsym";
				ENABLE_NS_ASSERTIONS = NO;
				ENABLE_STRICT_OBJC_MSGSEND = YES;
				GCC_C_LANGUAGE_STANDARD = gnu11;
				GCC_NO_COMMON_BLOCKS = YES;
				GCC_WARN_64_TO_32_BIT_CONVERSION = YES;
				GCC_WARN_ABOUT_RETURN_TYPE = YES_ERROR;
				GCC_WARN_UNDECLARED_SELECTOR = YES;
				GCC_WARN_UNINITIALIZED_AUTOS = YES_AGGRESSIVE;
				GCC_WARN_UNUSED_FUNCTION = YES;
				GCC_WARN_UNUSED_VARIABLE = YES;
				IPHONEOS_DEPLOYMENT_TARGET = 14.0;
				MTL_ENABLE_DEBUG_INFO = NO;
				MTL_FAST_MATH = YES;
				SDKROOT = iphoneos;
				SWIFT_COMPILATION_MODE = wholemodule;
				SWIFT_OPTIMIZATION_LEVEL = "-O";
				VALIDATE_PRODUCT = YES;
			};
			name = Release;
		};
		98491A672589690C00E058DE /* Debug */ = {
			isa = XCBuildConfiguration;
			buildSettings = {
				ASSETCATALOG_COMPILER_APPICON_NAME = AppIcon;
				ASSETCATALOG_COMPILER_GLOBAL_ACCENT_COLOR_NAME = AccentColor;
				CODE_SIGN_STYLE = Automatic;
				DEVELOPMENT_ASSET_PATHS = "\"app-unimarc-ios/Preview Content\"";
				ENABLE_PREVIEWS = YES;
				INFOPLIST_FILE = "app-unimarc-ios/Info.plist";
				IPHONEOS_DEPLOYMENT_TARGET = 14.0;
				LD_RUNPATH_SEARCH_PATHS = (
					"$(inherited)",
					"@executable_path/Frameworks",
				);
				PRODUCT_BUNDLE_IDENTIFIER = "com.smu.unimarc.app-unimarc-ios";
				PRODUCT_NAME = "$(TARGET_NAME)";
				SWIFT_VERSION = 5.0;
				TARGETED_DEVICE_FAMILY = "1,2";
			};
			name = Debug;
		};
		98491A682589690C00E058DE /* Release */ = {
			isa = XCBuildConfiguration;
			buildSettings = {
				ASSETCATALOG_COMPILER_APPICON_NAME = AppIcon;
				ASSETCATALOG_COMPILER_GLOBAL_ACCENT_COLOR_NAME = AccentColor;
				CODE_SIGN_STYLE = Automatic;
				DEVELOPMENT_ASSET_PATHS = "\"app-unimarc-ios/Preview Content\"";
				ENABLE_PREVIEWS = YES;
				INFOPLIST_FILE = "app-unimarc-ios/Info.plist";
				IPHONEOS_DEPLOYMENT_TARGET = 14.0;
				LD_RUNPATH_SEARCH_PATHS = (
					"$(inherited)",
					"@executable_path/Frameworks",
				);
				PRODUCT_BUNDLE_IDENTIFIER = "com.smu.unimarc.app-unimarc-ios";
				PRODUCT_NAME = "$(TARGET_NAME)";
				SWIFT_VERSION = 5.0;
				TARGETED_DEVICE_FAMILY = "1,2";
			};
			name = Release;
		};
/* End XCBuildConfiguration section */

/* Begin XCConfigurationList section */
		98491A522589690B00E058DE /* Build configuration list for PBXProject "app-unimarc-ios" */ = {
			isa = XCConfigurationList;
			buildConfigurations = (
				98491A642589690C00E058DE /* Debug */,
				98491A652589690C00E058DE /* Release */,
			);
			defaultConfigurationIsVisible = 0;
			defaultConfigurationName = Release;
		};
		98491A662589690C00E058DE /* Build configuration list for PBXNativeTarget "app-unimarc-ios" */ = {
			isa = XCConfigurationList;
			buildConfigurations = (
				98491A672589690C00E058DE /* Debug */,
				98491A682589690C00E058DE /* Release */,
			);
			defaultConfigurationIsVisible = 0;
			defaultConfigurationName = Release;
		};
/* End XCConfigurationList section */
	};
	rootObject = 98491A4F2589690B00E058DE /* Project object */;
}
